// !$*UTF8*$!
{
	archiveVersion = 1;
	classes = {
	};
	objectVersion = 51;
	objects = {

/* Begin PBXBuildFile section */
		1104A3D224769F0500703BAD /* UnitsVC.swift in Sources */ = {isa = PBXBuildFile; fileRef = 1104A3D124769F0500703BAD /* UnitsVC.swift */; };
		1104A3D424769F0A00703BAD /* Default-568h@2x.png in Resources */ = {isa = PBXBuildFile; fileRef = 1104A3D324769F0A00703BAD /* Default-568h@2x.png */; };
		1104A3D72476A3DE00703BAD /* NotificationsVC.swift in Sources */ = {isa = PBXBuildFile; fileRef = 1104A3D62476A3DE00703BAD /* NotificationsVC.swift */; };
		1114DE1C247AE67F004AADE8 /* water-glass.json in Resources */ = {isa = PBXBuildFile; fileRef = 1114DE1B247AE67E004AADE8 /* water-glass.json */; };
		1114DE1E247AE6C2004AADE8 /* OpeningVC.swift in Sources */ = {isa = PBXBuildFile; fileRef = 1114DE1D247AE6C2004AADE8 /* OpeningVC.swift */; };
		112471F024771597007E1C4E /* User.swift in Sources */ = {isa = PBXBuildFile; fileRef = 112471EF24771597007E1C4E /* User.swift */; };
		112471F32477166C007E1C4E /* SetupWeightVC.swift in Sources */ = {isa = PBXBuildFile; fileRef = 112471F22477166C007E1C4E /* SetupWeightVC.swift */; };
		112471F524771CA3007E1C4E /* PersonalGoalVC.swift in Sources */ = {isa = PBXBuildFile; fileRef = 112471F424771CA3007E1C4E /* PersonalGoalVC.swift */; };
		112471F724771EAF007E1C4E /* SetupNotificationsVC.swift in Sources */ = {isa = PBXBuildFile; fileRef = 112471F624771EAF007E1C4E /* SetupNotificationsVC.swift */; };
		1150272424DB1121008A0A8A /* TextLabelCell.swift in Sources */ = {isa = PBXBuildFile; fileRef = 1150272324DB1121008A0A8A /* TextLabelCell.swift */; };
		1150729124757244004D7760 /* ConstraintsExtension.swift in Sources */ = {isa = PBXBuildFile; fileRef = 1150729024757244004D7760 /* ConstraintsExtension.swift */; };
		1150729324757A23004D7760 /* SettingsVC.swift in Sources */ = {isa = PBXBuildFile; fileRef = 1150729224757A23004D7760 /* SettingsVC.swift */; };
		1150729624758A72004D7760 /* CalcVC.swift in Sources */ = {isa = PBXBuildFile; fileRef = 1150729524758A72004D7760 /* CalcVC.swift */; };
		117287C124DA064800DF1A8B /* Assets.xcassets in Resources */ = {isa = PBXBuildFile; fileRef = 117287C024DA064800DF1A8B /* Assets.xcassets */; };
		117F8F20247AFB61006D86BA /* SecondOpeningVC.swift in Sources */ = {isa = PBXBuildFile; fileRef = 117F8F1F247AFB61006D86BA /* SecondOpeningVC.swift */; };
		118D4C0A24D7451900DAD7DB /* TextFieldCell.swift in Sources */ = {isa = PBXBuildFile; fileRef = 118D4C0924D7451900DAD7DB /* TextFieldCell.swift */; };
		11A2A175247995CC00014C1E /* WeightVC.swift in Sources */ = {isa = PBXBuildFile; fileRef = 11A2A174247995CC00014C1E /* WeightVC.swift */; };
		11C7F84024770224004B1A9B /* CapacityVC.swift in Sources */ = {isa = PBXBuildFile; fileRef = 11C7F83F24770224004B1A9B /* CapacityVC.swift */; };
		11F21E1924756F0E005C652A /* AppDelegate.swift in Sources */ = {isa = PBXBuildFile; fileRef = 11F21E1824756F0E005C652A /* AppDelegate.swift */; };
		11F21E1D24756F0E005C652A /* MainVC.swift in Sources */ = {isa = PBXBuildFile; fileRef = 11F21E1C24756F0E005C652A /* MainVC.swift */; };
		11F21E2524756F17005C652A /* LaunchScreen.storyboard in Resources */ = {isa = PBXBuildFile; fileRef = 11F21E2324756F17005C652A /* LaunchScreen.storyboard */; };
		11F44354247B0FB000A474F4 /* notification-bell.json in Resources */ = {isa = PBXBuildFile; fileRef = 11F44353247B0FB000A474F4 /* notification-bell.json */; };
		11FC7CA824DAC4F400A709FF /* TimePicker.swift in Sources */ = {isa = PBXBuildFile; fileRef = 11FC7CA724DAC4F400A709FF /* TimePicker.swift */; };
		3CBE348FA99E22BE74764657 /* Pods_WaterBalance_X.framework in Frameworks */ = {isa = PBXBuildFile; fileRef = 3B4373112086AA365BEA7D78 /* Pods_WaterBalance_X.framework */; };
/* End PBXBuildFile section */

/* Begin PBXFileReference section */
		1104A3D124769F0500703BAD /* UnitsVC.swift */ = {isa = PBXFileReference; lastKnownFileType = sourcecode.swift; path = UnitsVC.swift; sourceTree = "<group>"; };
		1104A3D324769F0A00703BAD /* Default-568h@2x.png */ = {isa = PBXFileReference; lastKnownFileType = image.png; path = "Default-568h@2x.png"; sourceTree = "<group>"; };
		1104A3D62476A3DE00703BAD /* NotificationsVC.swift */ = {isa = PBXFileReference; lastKnownFileType = sourcecode.swift; path = NotificationsVC.swift; sourceTree = "<group>"; };
		1114DE1B247AE67E004AADE8 /* water-glass.json */ = {isa = PBXFileReference; fileEncoding = 4; lastKnownFileType = text.json; path = "water-glass.json"; sourceTree = "<group>"; };
		1114DE1D247AE6C2004AADE8 /* OpeningVC.swift */ = {isa = PBXFileReference; lastKnownFileType = sourcecode.swift; path = OpeningVC.swift; sourceTree = "<group>"; };
		112471EF24771597007E1C4E /* User.swift */ = {isa = PBXFileReference; lastKnownFileType = sourcecode.swift; path = User.swift; sourceTree = "<group>"; };
		112471F22477166C007E1C4E /* SetupWeightVC.swift */ = {isa = PBXFileReference; lastKnownFileType = sourcecode.swift; path = SetupWeightVC.swift; sourceTree = "<group>"; };
		112471F424771CA3007E1C4E /* PersonalGoalVC.swift */ = {isa = PBXFileReference; lastKnownFileType = sourcecode.swift; path = PersonalGoalVC.swift; sourceTree = "<group>"; };
		112471F624771EAF007E1C4E /* SetupNotificationsVC.swift */ = {isa = PBXFileReference; lastKnownFileType = sourcecode.swift; path = SetupNotificationsVC.swift; sourceTree = "<group>"; };
		112A7F2024795E8300B028DA /* WaterBalance X.entitlements */ = {isa = PBXFileReference; lastKnownFileType = text.plist.entitlements; path = "WaterBalance X.entitlements"; sourceTree = "<group>"; };
		1150272324DB1121008A0A8A /* TextLabelCell.swift */ = {isa = PBXFileReference; lastKnownFileType = sourcecode.swift; path = TextLabelCell.swift; sourceTree = "<group>"; };
		1150729024757244004D7760 /* ConstraintsExtension.swift */ = {isa = PBXFileReference; lastKnownFileType = sourcecode.swift; path = ConstraintsExtension.swift; sourceTree = "<group>"; };
		1150729224757A23004D7760 /* SettingsVC.swift */ = {isa = PBXFileReference; lastKnownFileType = sourcecode.swift; path = SettingsVC.swift; sourceTree = "<group>"; };
		1150729524758A72004D7760 /* CalcVC.swift */ = {isa = PBXFileReference; lastKnownFileType = sourcecode.swift; path = CalcVC.swift; sourceTree = "<group>"; };
		117287C024DA064800DF1A8B /* Assets.xcassets */ = {isa = PBXFileReference; lastKnownFileType = folder.assetcatalog; path = Assets.xcassets; sourceTree = "<group>"; };
		117F8F1F247AFB61006D86BA /* SecondOpeningVC.swift */ = {isa = PBXFileReference; lastKnownFileType = sourcecode.swift; path = SecondOpeningVC.swift; sourceTree = "<group>"; };
		118D4C0924D7451900DAD7DB /* TextFieldCell.swift */ = {isa = PBXFileReference; lastKnownFileType = sourcecode.swift; path = TextFieldCell.swift; sourceTree = "<group>"; };
		11A2A174247995CC00014C1E /* WeightVC.swift */ = {isa = PBXFileReference; lastKnownFileType = sourcecode.swift; path = WeightVC.swift; sourceTree = "<group>"; };
		11C7F83F24770224004B1A9B /* CapacityVC.swift */ = {isa = PBXFileReference; lastKnownFileType = sourcecode.swift; path = CapacityVC.swift; sourceTree = "<group>"; };
		11F21E1524756F0E005C652A /* WaterBalance X.app */ = {isa = PBXFileReference; explicitFileType = wrapper.application; includeInIndex = 0; path = "WaterBalance X.app"; sourceTree = BUILT_PRODUCTS_DIR; };
		11F21E1824756F0E005C652A /* AppDelegate.swift */ = {isa = PBXFileReference; lastKnownFileType = sourcecode.swift; path = AppDelegate.swift; sourceTree = "<group>"; };
		11F21E1C24756F0E005C652A /* MainVC.swift */ = {isa = PBXFileReference; lastKnownFileType = sourcecode.swift; path = MainVC.swift; sourceTree = "<group>"; };
		11F21E2424756F17005C652A /* Base */ = {isa = PBXFileReference; lastKnownFileType = file.storyboard; name = Base; path = Base.lproj/LaunchScreen.storyboard; sourceTree = "<group>"; };
		11F21E2624756F17005C652A /* Info.plist */ = {isa = PBXFileReference; lastKnownFileType = text.plist.xml; path = Info.plist; sourceTree = "<group>"; };
		11F44353247B0FB000A474F4 /* notification-bell.json */ = {isa = PBXFileReference; fileEncoding = 4; lastKnownFileType = text.json; path = "notification-bell.json"; sourceTree = "<group>"; };
		11FC7CA724DAC4F400A709FF /* TimePicker.swift */ = {isa = PBXFileReference; lastKnownFileType = sourcecode.swift; path = TimePicker.swift; sourceTree = "<group>"; };
		3B4373112086AA365BEA7D78 /* Pods_WaterBalance_X.framework */ = {isa = PBXFileReference; explicitFileType = wrapper.framework; includeInIndex = 0; path = Pods_WaterBalance_X.framework; sourceTree = BUILT_PRODUCTS_DIR; };
		5E4D9113ABFC1EF01F7FDB09 /* Pods-WaterBalance X.debug.xcconfig */ = {isa = PBXFileReference; includeInIndex = 1; lastKnownFileType = text.xcconfig; name = "Pods-WaterBalance X.debug.xcconfig"; path = "Target Support Files/Pods-WaterBalance X/Pods-WaterBalance X.debug.xcconfig"; sourceTree = "<group>"; };
		69F98E5F81DF91BC5E915051 /* Pods-WaterBalance X.release.xcconfig */ = {isa = PBXFileReference; includeInIndex = 1; lastKnownFileType = text.xcconfig; name = "Pods-WaterBalance X.release.xcconfig"; path = "Target Support Files/Pods-WaterBalance X/Pods-WaterBalance X.release.xcconfig"; sourceTree = "<group>"; };
/* End PBXFileReference section */

/* Begin PBXFrameworksBuildPhase section */
		11F21E1224756F0E005C652A /* Frameworks */ = {
			isa = PBXFrameworksBuildPhase;
			buildActionMask = 2147483647;
			files = (
				3CBE348FA99E22BE74764657 /* Pods_WaterBalance_X.framework in Frameworks */,
			);
			runOnlyForDeploymentPostprocessing = 0;
		};
/* End PBXFrameworksBuildPhase section */

/* Begin PBXGroup section */
		1104A3D024769EB400703BAD /* Support Files */ = {
			isa = PBXGroup;
			children = (
				1150729024757244004D7760 /* ConstraintsExtension.swift */,
				117287C024DA064800DF1A8B /* Assets.xcassets */,
				11F21E2324756F17005C652A /* LaunchScreen.storyboard */,
			);
			path = "Support Files";
			sourceTree = "<group>";
		};
		1104A3D52476A3C900703BAD /* Notifications */ = {
			isa = PBXGroup;
			children = (
				1104A3D62476A3DE00703BAD /* NotificationsVC.swift */,
			);
			path = Notifications;
			sourceTree = "<group>";
		};
		1114DE1A247AE61B004AADE8 /* Animations */ = {
			isa = PBXGroup;
			children = (
				11F44353247B0FB000A474F4 /* notification-bell.json */,
				1114DE1B247AE67E004AADE8 /* water-glass.json */,
			);
			path = Animations;
			sourceTree = "<group>";
		};
		112471ED24771574007E1C4E /* Main */ = {
			isa = PBXGroup;
			children = (
				11F21E1C24756F0E005C652A /* MainVC.swift */,
				11C7F83F24770224004B1A9B /* CapacityVC.swift */,
			);
			path = Main;
			sourceTree = "<group>";
		};
		112471EE2477158C007E1C4E /* Model */ = {
			isa = PBXGroup;
			children = (
				112471EF24771597007E1C4E /* User.swift */,
			);
			path = Model;
			sourceTree = "<group>";
		};
		112471F124771633007E1C4E /* Onboarding */ = {
			isa = PBXGroup;
			children = (
				1114DE1A247AE61B004AADE8 /* Animations */,
				1114DE1D247AE6C2004AADE8 /* OpeningVC.swift */,
				117F8F1F247AFB61006D86BA /* SecondOpeningVC.swift */,
				112471F22477166C007E1C4E /* SetupWeightVC.swift */,
				112471F424771CA3007E1C4E /* PersonalGoalVC.swift */,
				112471F624771EAF007E1C4E /* SetupNotificationsVC.swift */,
			);
			path = Onboarding;
			sourceTree = "<group>";
		};
		1150729424758A57004D7760 /* Settings */ = {
			isa = PBXGroup;
			children = (
				1150729224757A23004D7760 /* SettingsVC.swift */,
				11A2A174247995CC00014C1E /* WeightVC.swift */,
				1150729524758A72004D7760 /* CalcVC.swift */,
				1104A3D124769F0500703BAD /* UnitsVC.swift */,
			);
			path = Settings;
			sourceTree = "<group>";
		};
		118D4C0B24D7451F00DAD7DB /* Views */ = {
			isa = PBXGroup;
			children = (
				118D4C0924D7451900DAD7DB /* TextFieldCell.swift */,
				1150272324DB1121008A0A8A /* TextLabelCell.swift */,
				11FC7CA724DAC4F400A709FF /* TimePicker.swift */,
			);
			path = Views;
			sourceTree = "<group>";
		};
		11F21E0C24756F0E005C652A = {
			isa = PBXGroup;
			children = (
				1104A3D324769F0A00703BAD /* Default-568h@2x.png */,
				11F21E1724756F0E005C652A /* WaterBalance X */,
				11F21E1624756F0E005C652A /* Products */,
				2C859990C5500D6B0DFFC0C3 /* Pods */,
				2F7748B30BB3AA6434FDDFAE /* Frameworks */,
			);
			sourceTree = "<group>";
		};
		11F21E1624756F0E005C652A /* Products */ = {
			isa = PBXGroup;
			children = (
				11F21E1524756F0E005C652A /* WaterBalance X.app */,
			);
			name = Products;
			sourceTree = "<group>";
		};
		11F21E1724756F0E005C652A /* WaterBalance X */ = {
			isa = PBXGroup;
			children = (
				112A7F2024795E8300B028DA /* WaterBalance X.entitlements */,
				11F21E1824756F0E005C652A /* AppDelegate.swift */,
				112471F124771633007E1C4E /* Onboarding */,
				112471ED24771574007E1C4E /* Main */,
				1150729424758A57004D7760 /* Settings */,
				1104A3D52476A3C900703BAD /* Notifications */,
				112471EE2477158C007E1C4E /* Model */,
				118D4C0B24D7451F00DAD7DB /* Views */,
				1104A3D024769EB400703BAD /* Support Files */,
				11F21E2624756F17005C652A /* Info.plist */,
			);
			path = "WaterBalance X";
			sourceTree = "<group>";
		};
		2C859990C5500D6B0DFFC0C3 /* Pods */ = {
			isa = PBXGroup;
			children = (
				5E4D9113ABFC1EF01F7FDB09 /* Pods-WaterBalance X.debug.xcconfig */,
				69F98E5F81DF91BC5E915051 /* Pods-WaterBalance X.release.xcconfig */,
			);
			path = Pods;
			sourceTree = "<group>";
		};
		2F7748B30BB3AA6434FDDFAE /* Frameworks */ = {
			isa = PBXGroup;
			children = (
				3B4373112086AA365BEA7D78 /* Pods_WaterBalance_X.framework */,
			);
			name = Frameworks;
			sourceTree = "<group>";
		};
/* End PBXGroup section */

/* Begin PBXNativeTarget section */
		11F21E1424756F0E005C652A /* WaterBalance X */ = {
			isa = PBXNativeTarget;
			buildConfigurationList = 11F21E2924756F17005C652A /* Build configuration list for PBXNativeTarget "WaterBalance X" */;
			buildPhases = (
				27620FE4BED2D43BA7BEFC94 /* [CP] Check Pods Manifest.lock */,
				11F21E1124756F0E005C652A /* Sources */,
				11F21E1224756F0E005C652A /* Frameworks */,
				11F21E1324756F0E005C652A /* Resources */,
				3A540E328D860D7DA696B8DE /* [CP] Embed Pods Frameworks */,
			);
			buildRules = (
			);
			dependencies = (
			);
			name = "WaterBalance X";
			productName = "WaterBalance X";
			productReference = 11F21E1524756F0E005C652A /* WaterBalance X.app */;
			productType = "com.apple.product-type.application";
		};
/* End PBXNativeTarget section */

/* Begin PBXProject section */
		11F21E0D24756F0E005C652A /* Project object */ = {
			isa = PBXProject;
			attributes = {
				LastSwiftUpdateCheck = 1140;
				LastUpgradeCheck = 1140;
				ORGANIZATIONNAME = "Nikita Glushchenko";
				TargetAttributes = {
					11F21E1424756F0E005C652A = {
						CreatedOnToolsVersion = 11.4.1;
					};
				};
			};
			buildConfigurationList = 11F21E1024756F0E005C652A /* Build configuration list for PBXProject "WaterBalance X" */;
			compatibilityVersion = "Xcode 9.3";
			developmentRegion = en;
			hasScannedForEncodings = 0;
			knownRegions = (
				en,
				Base,
			);
			mainGroup = 11F21E0C24756F0E005C652A;
			productRefGroup = 11F21E1624756F0E005C652A /* Products */;
			projectDirPath = "";
			projectRoot = "";
			targets = (
				11F21E1424756F0E005C652A /* WaterBalance X */,
			);
		};
/* End PBXProject section */

/* Begin PBXResourcesBuildPhase section */
		11F21E1324756F0E005C652A /* Resources */ = {
			isa = PBXResourcesBuildPhase;
			buildActionMask = 2147483647;
			files = (
				11F21E2524756F17005C652A /* LaunchScreen.storyboard in Resources */,
				11F44354247B0FB000A474F4 /* notification-bell.json in Resources */,
				1114DE1C247AE67F004AADE8 /* water-glass.json in Resources */,
				1104A3D424769F0A00703BAD /* Default-568h@2x.png in Resources */,
				117287C124DA064800DF1A8B /* Assets.xcassets in Resources */,
			);
			runOnlyForDeploymentPostprocessing = 0;
		};
/* End PBXResourcesBuildPhase section */

/* Begin PBXShellScriptBuildPhase section */
		27620FE4BED2D43BA7BEFC94 /* [CP] Check Pods Manifest.lock */ = {
			isa = PBXShellScriptBuildPhase;
			buildActionMask = 2147483647;
			files = (
			);
			inputFileListPaths = (
			);
			inputPaths = (
				"${PODS_PODFILE_DIR_PATH}/Podfile.lock",
				"${PODS_ROOT}/Manifest.lock",
			);
			name = "[CP] Check Pods Manifest.lock";
			outputFileListPaths = (
			);
			outputPaths = (
				"$(DERIVED_FILE_DIR)/Pods-WaterBalance X-checkManifestLockResult.txt",
			);
			runOnlyForDeploymentPostprocessing = 0;
			shellPath = /bin/sh;
			shellScript = "diff \"${PODS_PODFILE_DIR_PATH}/Podfile.lock\" \"${PODS_ROOT}/Manifest.lock\" > /dev/null\nif [ $? != 0 ] ; then\n    # print error to STDERR\n    echo \"error: The sandbox is not in sync with the Podfile.lock. Run 'pod install' or update your CocoaPods installation.\" >&2\n    exit 1\nfi\n# This output is used by Xcode 'outputs' to avoid re-running this script phase.\necho \"SUCCESS\" > \"${SCRIPT_OUTPUT_FILE_0}\"\n";
			showEnvVarsInLog = 0;
		};
		3A540E328D860D7DA696B8DE /* [CP] Embed Pods Frameworks */ = {
			isa = PBXShellScriptBuildPhase;
			buildActionMask = 2147483647;
			files = (
			);
			inputFileListPaths = (
				"${PODS_ROOT}/Target Support Files/Pods-WaterBalance X/Pods-WaterBalance X-frameworks-${CONFIGURATION}-input-files.xcfilelist",
			);
			name = "[CP] Embed Pods Frameworks";
			outputFileListPaths = (
				"${PODS_ROOT}/Target Support Files/Pods-WaterBalance X/Pods-WaterBalance X-frameworks-${CONFIGURATION}-output-files.xcfilelist",
			);
			runOnlyForDeploymentPostprocessing = 0;
			shellPath = /bin/sh;
			shellScript = "\"${PODS_ROOT}/Target Support Files/Pods-WaterBalance X/Pods-WaterBalance X-frameworks.sh\"\n";
			showEnvVarsInLog = 0;
		};
/* End PBXShellScriptBuildPhase section */

/* Begin PBXSourcesBuildPhase section */
		11F21E1124756F0E005C652A /* Sources */ = {
			isa = PBXSourcesBuildPhase;
			buildActionMask = 2147483647;
			files = (
				1150729124757244004D7760 /* ConstraintsExtension.swift in Sources */,
				1150729624758A72004D7760 /* CalcVC.swift in Sources */,
				11A2A175247995CC00014C1E /* WeightVC.swift in Sources */,
				112471F32477166C007E1C4E /* SetupWeightVC.swift in Sources */,
				11C7F84024770224004B1A9B /* CapacityVC.swift in Sources */,
				1114DE1E247AE6C2004AADE8 /* OpeningVC.swift in Sources */,
				112471F524771CA3007E1C4E /* PersonalGoalVC.swift in Sources */,
				1150272424DB1121008A0A8A /* TextLabelCell.swift in Sources */,
				118D4C0A24D7451900DAD7DB /* TextFieldCell.swift in Sources */,
				11FC7CA824DAC4F400A709FF /* TimePicker.swift in Sources */,
				117F8F20247AFB61006D86BA /* SecondOpeningVC.swift in Sources */,
				112471F724771EAF007E1C4E /* SetupNotificationsVC.swift in Sources */,
				1150729324757A23004D7760 /* SettingsVC.swift in Sources */,
				11F21E1D24756F0E005C652A /* MainVC.swift in Sources */,
				112471F024771597007E1C4E /* User.swift in Sources */,
				1104A3D224769F0500703BAD /* UnitsVC.swift in Sources */,
				1104A3D72476A3DE00703BAD /* NotificationsVC.swift in Sources */,
				11F21E1924756F0E005C652A /* AppDelegate.swift in Sources */,
			);
			runOnlyForDeploymentPostprocessing = 0;
		};
/* End PBXSourcesBuildPhase section */

/* Begin PBXVariantGroup section */
		11F21E2324756F17005C652A /* LaunchScreen.storyboard */ = {
			isa = PBXVariantGroup;
			children = (
				11F21E2424756F17005C652A /* Base */,
			);
			name = LaunchScreen.storyboard;
			sourceTree = "<group>";
		};
/* End PBXVariantGroup section */

/* Begin XCBuildConfiguration section */
		11F21E2724756F17005C652A /* Debug */ = {
			isa = XCBuildConfiguration;
			buildSettings = {
				ALWAYS_SEARCH_USER_PATHS = NO;
				CLANG_ANALYZER_NONNULL = YES;
				CLANG_ANALYZER_NUMBER_OBJECT_CONVERSION = YES_AGGRESSIVE;
				CLANG_CXX_LANGUAGE_STANDARD = "gnu++14";
				CLANG_CXX_LIBRARY = "libc++";
				CLANG_ENABLE_MODULES = YES;
				CLANG_ENABLE_OBJC_ARC = YES;
				CLANG_ENABLE_OBJC_WEAK = YES;
				CLANG_WARN_BLOCK_CAPTURE_AUTORELEASING = YES;
				CLANG_WARN_BOOL_CONVERSION = YES;
				CLANG_WARN_COMMA = YES;
				CLANG_WARN_CONSTANT_CONVERSION = YES;
				CLANG_WARN_DEPRECATED_OBJC_IMPLEMENTATIONS = YES;
				CLANG_WARN_DIRECT_OBJC_ISA_USAGE = YES_ERROR;
				CLANG_WARN_DOCUMENTATION_COMMENTS = YES;
				CLANG_WARN_EMPTY_BODY = YES;
				CLANG_WARN_ENUM_CONVERSION = YES;
				CLANG_WARN_INFINITE_RECURSION = YES;
				CLANG_WARN_INT_CONVERSION = YES;
				CLANG_WARN_NON_LITERAL_NULL_CONVERSION = YES;
				CLANG_WARN_OBJC_IMPLICIT_RETAIN_SELF = YES;
				CLANG_WARN_OBJC_LITERAL_CONVERSION = YES;
				CLANG_WARN_OBJC_ROOT_CLASS = YES_ERROR;
				CLANG_WARN_RANGE_LOOP_ANALYSIS = YES;
				CLANG_WARN_STRICT_PROTOTYPES = YES;
				CLANG_WARN_SUSPICIOUS_MOVE = YES;
				CLANG_WARN_UNGUARDED_AVAILABILITY = YES_AGGRESSIVE;
				CLANG_WARN_UNREACHABLE_CODE = YES;
				CLANG_WARN__DUPLICATE_METHOD_MATCH = YES;
				COPY_PHASE_STRIP = NO;
				DEBUG_INFORMATION_FORMAT = dwarf;
				ENABLE_STRICT_OBJC_MSGSEND = YES;
				ENABLE_TESTABILITY = YES;
				GCC_C_LANGUAGE_STANDARD = gnu11;
				GCC_DYNAMIC_NO_PIC = NO;
				GCC_NO_COMMON_BLOCKS = YES;
				GCC_OPTIMIZATION_LEVEL = 0;
				GCC_PREPROCESSOR_DEFINITIONS = (
					"DEBUG=1",
					"$(inherited)",
				);
				GCC_WARN_64_TO_32_BIT_CONVERSION = YES;
				GCC_WARN_ABOUT_RETURN_TYPE = YES_ERROR;
				GCC_WARN_UNDECLARED_SELECTOR = YES;
				GCC_WARN_UNINITIALIZED_AUTOS = YES_AGGRESSIVE;
				GCC_WARN_UNUSED_FUNCTION = YES;
				GCC_WARN_UNUSED_VARIABLE = YES;
				IPHONEOS_DEPLOYMENT_TARGET = 13.4;
				MTL_ENABLE_DEBUG_INFO = INCLUDE_SOURCE;
				MTL_FAST_MATH = YES;
				ONLY_ACTIVE_ARCH = YES;
				SDKROOT = iphoneos;
				SWIFT_ACTIVE_COMPILATION_CONDITIONS = DEBUG;
				SWIFT_OPTIMIZATION_LEVEL = "-Onone";
			};
			name = Debug;
		};
		11F21E2824756F17005C652A /* Release */ = {
			isa = XCBuildConfiguration;
			buildSettings = {
				ALWAYS_SEARCH_USER_PATHS = NO;
				CLANG_ANALYZER_NONNULL = YES;
				CLANG_ANALYZER_NUMBER_OBJECT_CONVERSION = YES_AGGRESSIVE;
				CLANG_CXX_LANGUAGE_STANDARD = "gnu++14";
				CLANG_CXX_LIBRARY = "libc++";
				CLANG_ENABLE_MODULES = YES;
				CLANG_ENABLE_OBJC_ARC = YES;
				CLANG_ENABLE_OBJC_WEAK = YES;
				CLANG_WARN_BLOCK_CAPTURE_AUTORELEASING = YES;
				CLANG_WARN_BOOL_CONVERSION = YES;
				CLANG_WARN_COMMA = YES;
				CLANG_WARN_CONSTANT_CONVERSION = YES;
				CLANG_WARN_DEPRECATED_OBJC_IMPLEMENTATIONS = YES;
				CLANG_WARN_DIRECT_OBJC_ISA_USAGE = YES_ERROR;
				CLANG_WARN_DOCUMENTATION_COMMENTS = YES;
				CLANG_WARN_EMPTY_BODY = YES;
				CLANG_WARN_ENUM_CONVERSION = YES;
				CLANG_WARN_INFINITE_RECURSION = YES;
				CLANG_WARN_INT_CONVERSION = YES;
				CLANG_WARN_NON_LITERAL_NULL_CONVERSION = YES;
				CLANG_WARN_OBJC_IMPLICIT_RETAIN_SELF = YES;
				CLANG_WARN_OBJC_LITERAL_CONVERSION = YES;
				CLANG_WARN_OBJC_ROOT_CLASS = YES_ERROR;
				CLANG_WARN_RANGE_LOOP_ANALYSIS = YES;
				CLANG_WARN_STRICT_PROTOTYPES = YES;
				CLANG_WARN_SUSPICIOUS_MOVE = YES;
				CLANG_WARN_UNGUARDED_AVAILABILITY = YES_AGGRESSIVE;
				CLANG_WARN_UNREACHABLE_CODE = YES;
				CLANG_WARN__DUPLICATE_METHOD_MATCH = YES;
				COPY_PHASE_STRIP = NO;
				DEBUG_INFORMATION_FORMAT = "dwarf-with-dsym";
				ENABLE_NS_ASSERTIONS = NO;
				ENABLE_STRICT_OBJC_MSGSEND = YES;
				GCC_C_LANGUAGE_STANDARD = gnu11;
				GCC_NO_COMMON_BLOCKS = YES;
				GCC_WARN_64_TO_32_BIT_CONVERSION = YES;
				GCC_WARN_ABOUT_RETURN_TYPE = YES_ERROR;
				GCC_WARN_UNDECLARED_SELECTOR = YES;
				GCC_WARN_UNINITIALIZED_AUTOS = YES_AGGRESSIVE;
				GCC_WARN_UNUSED_FUNCTION = YES;
				GCC_WARN_UNUSED_VARIABLE = YES;
				IPHONEOS_DEPLOYMENT_TARGET = 13.4;
				MTL_ENABLE_DEBUG_INFO = NO;
				MTL_FAST_MATH = YES;
				SDKROOT = iphoneos;
				SWIFT_COMPILATION_MODE = wholemodule;
				SWIFT_OPTIMIZATION_LEVEL = "-O";
				VALIDATE_PRODUCT = YES;
			};
			name = Release;
		};
		11F21E2A24756F17005C652A /* Debug */ = {
			isa = XCBuildConfiguration;
			baseConfigurationReference = 5E4D9113ABFC1EF01F7FDB09 /* Pods-WaterBalance X.debug.xcconfig */;
			buildSettings = {
				ASSETCATALOG_COMPILER_APPICON_NAME = AppIcon;
				CODE_SIGN_ENTITLEMENTS = "WaterBalance X/WaterBalance X.entitlements";
				CODE_SIGN_STYLE = Automatic;
				DEVELOPMENT_TEAM = SV29KXS645;
				INFOPLIST_FILE = "WaterBalance X/Info.plist";
				LD_RUNPATH_SEARCH_PATHS = (
					"$(inherited)",
					"@executable_path/Frameworks",
				);
				PRODUCT_BUNDLE_IDENTIFIER = "glushchenko.nikita.WaterBalance-X";
				PRODUCT_NAME = "$(TARGET_NAME)";
				SWIFT_VERSION = 5.0;
				TARGETED_DEVICE_FAMILY = 1;
			};
			name = Debug;
		};
		11F21E2B24756F17005C652A /* Release */ = {
			isa = XCBuildConfiguration;
			baseConfigurationReference = 69F98E5F81DF91BC5E915051 /* Pods-WaterBalance X.release.xcconfig */;
			buildSettings = {
				ASSETCATALOG_COMPILER_APPICON_NAME = AppIcon;
				CODE_SIGN_ENTITLEMENTS = "WaterBalance X/WaterBalance X.entitlements";
				CODE_SIGN_STYLE = Automatic;
				DEVELOPMENT_TEAM = SV29KXS645;
				INFOPLIST_FILE = "WaterBalance X/Info.plist";
				LD_RUNPATH_SEARCH_PATHS = (
					"$(inherited)",
					"@executable_path/Frameworks",
				);
				PRODUCT_BUNDLE_IDENTIFIER = "glushchenko.nikita.WaterBalance-X";
				PRODUCT_NAME = "$(TARGET_NAME)";
				SWIFT_VERSION = 5.0;
				TARGETED_DEVICE_FAMILY = 1;
			};
			name = Release;
		};
/* End XCBuildConfiguration section */

/* Begin XCConfigurationList section */
		11F21E1024756F0E005C652A /* Build configuration list for PBXProject "WaterBalance X" */ = {
			isa = XCConfigurationList;
			buildConfigurations = (
				11F21E2724756F17005C652A /* Debug */,
				11F21E2824756F17005C652A /* Release */,
			);
			defaultConfigurationIsVisible = 0;
			defaultConfigurationName = Release;
		};
		11F21E2924756F17005C652A /* Build configuration list for PBXNativeTarget "WaterBalance X" */ = {
			isa = XCConfigurationList;
			buildConfigurations = (
				11F21E2A24756F17005C652A /* Debug */,
				11F21E2B24756F17005C652A /* Release */,
			);
			defaultConfigurationIsVisible = 0;
			defaultConfigurationName = Release;
		};
/* End XCConfigurationList section */
	};
	rootObject = 11F21E0D24756F0E005C652A /* Project object */;
}
